
Microsoft Visual Studio Solution File, Format Version 12.00
# Visual Studio Version 17
VisualStudioVersion = 17.8.34330.188
MinimumVisualStudioVersion = 10.0.40219.1
Project("{FAE04EC0-301F-11D3-BF4B-00C04F79EFBC}") = "AudioUpload.Server", "AudioUpload.Server\AudioUpload.Server.csproj", "{759FED8C-6C85-4026-8FB2-DD335BC9456F}"
EndProject
Project("{54A90642-561A-4BB1-A94E-469ADEE60C69}") = "audioupload.client", "audioupload.client\audioupload.client.esproj", "{3B6F4315-1094-4D92-AAE4-045C9547EAC8}"
EndProject
Global
	GlobalSection(SolutionConfigurationPlatforms) = preSolution
		Debug|Any CPU = Debug|Any CPU
		Release|Any CPU = Release|Any CPU
	EndGlobalSection
	GlobalSection(ProjectConfigurationPlatforms) = postSolution
		{759FED8C-6C85-4026-8FB2-DD335BC9456F}.Debug|Any CPU.ActiveCfg = Debug|Any CPU
		{759FED8C-6C85-4026-8FB2-DD335BC9456F}.Debug|Any CPU.Build.0 = Debug|Any CPU
		{759FED8C-6C85-4026-8FB2-DD335BC9456F}.Release|Any CPU.ActiveCfg = Release|Any CPU
		{759FED8C-6C85-4026-8FB2-DD335BC9456F}.Release|Any CPU.Build.0 = Release|Any CPU
		{3B6F4315-1094-4D92-AAE4-045C9547EAC8}.Debug|Any CPU.ActiveCfg = Debug|Any CPU
		{3B6F4315-1094-4D92-AAE4-045C9547EAC8}.Debug|Any CPU.Build.0 = Debug|Any CPU
		{3B6F4315-1094-4D92-AAE4-045C9547EAC8}.Debug|Any CPU.Deploy.0 = Debug|Any CPU
		{3B6F4315-1094-4D92-AAE4-045C9547EAC8}.Release|Any CPU.ActiveCfg = Release|Any CPU
		{3B6F4315-1094-4D92-AAE4-045C9547EAC8}.Release|Any CPU.Build.0 = Release|Any CPU
		{3B6F4315-1094-4D92-AAE4-045C9547EAC8}.Release|Any CPU.Deploy.0 = Release|Any CPU
	EndGlobalSection
	GlobalSection(SolutionProperties) = preSolution
		HideSolutionNode = FALSE
	EndGlobalSection
	GlobalSection(ExtensibilityGlobals) = postSolution
		SolutionGuid = {8EE260CB-7620-42DE-9B57-6333C9FEC0D9}
	EndGlobalSection
EndGlobal
